
Microsoft Visual Studio Solution File, Format Version 10.00
# Visual Studio 2008
Project("{F184B08F-C81C-45F6-A57F-5ABD9991F28F}") = "CharacterLCD", "CharacterLCD\CharacterLCD.vbproj", "{D4E019A5-B1E2-4C21-AB32-CD0C0F62556F}"
EndProject
Global
	GlobalSection(SolutionConfigurationPlatforms) = preSolution
		Debug|Any CPU = Debug|Any CPU
		Release|Any CPU = Release|Any CPU
	EndGlobalSection
	GlobalSection(ProjectConfigurationPlatforms) = postSolution
		{D4E019A5-B1E2-4C21-AB32-CD0C0F62556F}.Debug|Any CPU.ActiveCfg = Debug|Any CPU
		{D4E019A5-B1E2-4C21-AB32-CD0C0F62556F}.Debug|Any CPU.Build.0 = Debug|Any CPU
		{D4E019A5-B1E2-4C21-AB32-CD0C0F62556F}.Release|Any CPU.ActiveCfg = Release|Any CPU
		{D4E019A5-B1E2-4C21-AB32-CD0C0F62556F}.Release|Any CPU.Build.0 = Release|Any CPU
	EndGlobalSection
	GlobalSection(SolutionProperties) = preSolution
		HideSolutionNode = FALSE
	EndGlobalSection
EndGlobal
